// !$*UTF8*$!
{
	archiveVersion = 1;
	classes = {
	};
	objectVersion = 48;
	objects = {

/* Begin PBXBuildFile section */
		DF5B0F8B2020C0CA006A1287 /* AppDelegate.swift in Sources */ = {isa = PBXBuildFile; fileRef = DF5B0F8A2020C0CA006A1287 /* AppDelegate.swift */; };
		DF5B0F8D2020C0CA006A1287 /* ViewController.swift in Sources */ = {isa = PBXBuildFile; fileRef = DF5B0F8C2020C0CA006A1287 /* ViewController.swift */; };
		DF5B0F902020C0CA006A1287 /* Main.storyboard in Resources */ = {isa = PBXBuildFile; fileRef = DF5B0F8E2020C0CA006A1287 /* Main.storyboard */; };
		DF5B0F922020C0CA006A1287 /* Assets.xcassets in Resources */ = {isa = PBXBuildFile; fileRef = DF5B0F912020C0CA006A1287 /* Assets.xcassets */; };
		DF5B0F952020C0CA006A1287 /* LaunchScreen.storyboard in Resources */ = {isa = PBXBuildFile; fileRef = DF5B0F932020C0CA006A1287 /* LaunchScreen.storyboard */; };
/* End PBXBuildFile section */

/* Begin PBXFileReference section */
		DF5B0F872020C0CA006A1287 /* Project_Thesaurus.app */ = {isa = PBXFileReference; explicitFileType = wrapper.application; includeInIndex = 0; path = Project_Thesaurus.app; sourceTree = BUILT_PRODUCTS_DIR; };
		DF5B0F8A2020C0CA006A1287 /* AppDelegate.swift */ = {isa = PBXFileReference; lastKnownFileType = sourcecode.swift; path = AppDelegate.swift; sourceTree = "<group>"; };
		DF5B0F8C2020C0CA006A1287 /* ViewController.swift */ = {isa = PBXFileReference; lastKnownFileType = sourcecode.swift; path = ViewController.swift; sourceTree = "<group>"; };
		DF5B0F8F2020C0CA006A1287 /* Base */ = {isa = PBXFileReference; lastKnownFileType = file.storyboard; name = Base; path = Base.lproj/Main.storyboard; sourceTree = "<group>"; };
		DF5B0F912020C0CA006A1287 /* Assets.xcassets */ = {isa = PBXFileReference; lastKnownFileType = folder.assetcatalog; path = Assets.xcassets; sourceTree = "<group>"; };
		DF5B0F942020C0CA006A1287 /* Base */ = {isa = PBXFileReference; lastKnownFileType = file.storyboard; name = Base; path = Base.lproj/LaunchScreen.storyboard; sourceTree = "<group>"; };
		DF5B0F962020C0CA006A1287 /* Info.plist */ = {isa = PBXFileReference; lastKnownFileType = text.plist.xml; path = Info.plist; sourceTree = "<group>"; };
/* End PBXFileReference section */

/* Begin PBXFrameworksBuildPhase section */
		DF5B0F842020C0CA006A1287 /* Frameworks */ = {
			isa = PBXFrameworksBuildPhase;
			buildActionMask = 2147483647;
			files = (
			);
			runOnlyForDeploymentPostprocessing = 0;
		};
/* End PBXFrameworksBuildPhase section */

/* Begin PBXGroup section */
		DF5B0F7E2020C0CA006A1287 = {
			isa = PBXGroup;
			children = (
				DF5B0F892020C0CA006A1287 /* Project_Thesaurus */,
				DF5B0F882020C0CA006A1287 /* Products */,
			);
			sourceTree = "<group>";
		};
		DF5B0F882020C0CA006A1287 /* Products */ = {
			isa = PBXGroup;
			children = (
				DF5B0F872020C0CA006A1287 /* Project_Thesaurus.app */,
			);
			name = Products;
			sourceTree = "<group>";
		};
		DF5B0F892020C0CA006A1287 /* Project_Thesaurus */ = {
			isa = PBXGroup;
			children = (
				DF5B0F8A2020C0CA006A1287 /* AppDelegate.swift */,
				DF5B0F8C2020C0CA006A1287 /* ViewController.swift */,
				DF5B0F8E2020C0CA006A1287 /* Main.storyboard */,
				DF5B0F912020C0CA006A1287 /* Assets.xcassets */,
				DF5B0F932020C0CA006A1287 /* LaunchScreen.storyboard */,
				DF5B0F962020C0CA006A1287 /* Info.plist */,
			);
			path = Project_Thesaurus;
			sourceTree = "<group>";
		};
/* End PBXGroup section */

/* Begin PBXNativeTarget section */
		DF5B0F862020C0CA006A1287 /* Project_Thesaurus */ = {
			isa = PBXNativeTarget;
			buildConfigurationList = DF5B0F992020C0CA006A1287 /* Build configuration list for PBXNativeTarget "Project_Thesaurus" */;
			buildPhases = (
				DF5B0F832020C0CA006A1287 /* Sources */,
				DF5B0F842020C0CA006A1287 /* Frameworks */,
				DF5B0F852020C0CA006A1287 /* Resources */,
			);
			buildRules = (
			);
			dependencies = (
			);
			name = Project_Thesaurus;
			productName = Project_Thesaurus;
			productReference = DF5B0F872020C0CA006A1287 /* Project_Thesaurus.app */;
			productType = "com.apple.product-type.application";
		};
/* End PBXNativeTarget section */

/* Begin PBXProject section */
		DF5B0F7F2020C0CA006A1287 /* Project object */ = {
			isa = PBXProject;
			attributes = {
				LastSwiftUpdateCheck = 0910;
				LastUpgradeCheck = 0910;
				ORGANIZATIONNAME = "Johan Fornander";
				TargetAttributes = {
					DF5B0F862020C0CA006A1287 = {
						CreatedOnToolsVersion = 9.1;
						ProvisioningStyle = Automatic;
					};
				};
			};
			buildConfigurationList = DF5B0F822020C0CA006A1287 /* Build configuration list for PBXProject "Project_Thesaurus" */;
			compatibilityVersion = "Xcode 8.0";
			developmentRegion = en;
			hasScannedForEncodings = 0;
			knownRegions = (
				en,
				Base,
			);
			mainGroup = DF5B0F7E2020C0CA006A1287;
			productRefGroup = DF5B0F882020C0CA006A1287 /* Products */;
			projectDirPath = "";
			projectRoot = "";
			targets = (
				DF5B0F862020C0CA006A1287 /* Project_Thesaurus */,
			);
		};
/* End PBXProject section */

/* Begin PBXResourcesBuildPhase section */
		DF5B0F852020C0CA006A1287 /* Resources */ = {
			isa = PBXResourcesBuildPhase;
			buildActionMask = 2147483647;
			files = (
				DF5B0F952020C0CA006A1287 /* LaunchScreen.storyboard in Resources */,
				DF5B0F922020C0CA006A1287 /* Assets.xcassets in Resources */,
				DF5B0F902020C0CA006A1287 /* Main.storyboard in Resources */,
			);
			runOnlyForDeploymentPostprocessing = 0;
		};
/* End PBXResourcesBuildPhase section */

/* Begin PBXSourcesBuildPhase section */
		DF5B0F832020C0CA006A1287 /* Sources */ = {
			isa = PBXSourcesBuildPhase;
			buildActionMask = 2147483647;
			files = (
				DF5B0F8D2020C0CA006A1287 /* ViewController.swift in Sources */,
				DF5B0F8B2020C0CA006A1287 /* AppDelegate.swift in Sources */,
			);
			runOnlyForDeploymentPostprocessing = 0;
		};
/* End PBXSourcesBuildPhase section */

/* Begin PBXVariantGroup section */
		DF5B0F8E2020C0CA006A1287 /* Main.storyboard */ = {
			isa = PBXVariantGroup;
			children = (
				DF5B0F8F2020C0CA006A1287 /* Base */,
			);
			name = Main.storyboard;
			sourceTree = "<group>";
		};
		DF5B0F932020C0CA006A1287 /* LaunchScreen.storyboard */ = {
			isa = PBXVariantGroup;
			children = (
				DF5B0F942020C0CA006A1287 /* Base */,
			);
			name = LaunchScreen.storyboard;
			sourceTree = "<group>";
		};
/* End PBXVariantGroup section */

/* Begin XCBuildConfiguration section */
		DF5B0F972020C0CA006A1287 /* Debug */ = {
			isa = XCBuildConfiguration;
			buildSettings = {
				ALWAYS_SEARCH_USER_PATHS = NO;
				CLANG_ANALYZER_NONNULL = YES;
				CLANG_ANALYZER_NUMBER_OBJECT_CONVERSION = YES_AGGRESSIVE;
				CLANG_CXX_LANGUAGE_STANDARD = "gnu++14";
				CLANG_CXX_LIBRARY = "libc++";
				CLANG_ENABLE_MODULES = YES;
				CLANG_ENABLE_OBJC_ARC = YES;
				CLANG_WARN_BLOCK_CAPTURE_AUTORELEASING = YES;
				CLANG_WARN_BOOL_CONVERSION = YES;
				CLANG_WARN_COMMA = YES;
				CLANG_WARN_CONSTANT_CONVERSION = YES;
				CLANG_WARN_DIRECT_OBJC_ISA_USAGE = YES_ERROR;
				CLANG_WARN_DOCUMENTATION_COMMENTS = YES;
				CLANG_WARN_EMPTY_BODY = YES;
				CLANG_WARN_ENUM_CONVERSION = YES;
				CLANG_WARN_INFINITE_RECURSION = YES;
				CLANG_WARN_INT_CONVERSION = YES;
				CLANG_WARN_NON_LITERAL_NULL_CONVERSION = YES;
				CLANG_WARN_OBJC_LITERAL_CONVERSION = YES;
				CLANG_WARN_OBJC_ROOT_CLASS = YES_ERROR;
				CLANG_WARN_RANGE_LOOP_ANALYSIS = YES;
				CLANG_WARN_STRICT_PROTOTYPES = YES;
				CLANG_WARN_SUSPICIOUS_MOVE = YES;
				CLANG_WARN_UNGUARDED_AVAILABILITY = YES_AGGRESSIVE;
				CLANG_WARN_UNREACHABLE_CODE = YES;
				CLANG_WARN__DUPLICATE_METHOD_MATCH = YES;
				CODE_SIGN_IDENTITY = "iPhone Developer";
				COPY_PHASE_STRIP = NO;
				DEBUG_INFORMATION_FORMAT = dwarf;
				ENABLE_STRICT_OBJC_MSGSEND = YES;
				ENABLE_TESTABILITY = YES;
				GCC_C_LANGUAGE_STANDARD = gnu11;
				GCC_DYNAMIC_NO_PIC = NO;
				GCC_NO_COMMON_BLOCKS = YES;
				GCC_OPTIMIZATION_LEVEL = 0;
				GCC_PREPROCESSOR_DEFINITIONS = (
					"DEBUG=1",
					"$(inherited)",
				);
				GCC_WARN_64_TO_32_BIT_CONVERSION = YES;
				GCC_WARN_ABOUT_RETURN_TYPE = YES_ERROR;
				GCC_WARN_UNDECLARED_SELECTOR = YES;
				GCC_WARN_UNINITIALIZED_AUTOS = YES_AGGRESSIVE;
				GCC_WARN_UNUSED_FUNCTION = YES;
				GCC_WARN_UNUSED_VARIABLE = YES;
				IPHONEOS_DEPLOYMENT_TARGET = 11.1;
				MTL_ENABLE_DEBUG_INFO = YES;
				ONLY_ACTIVE_ARCH = YES;
				SDKROOT = iphoneos;
				SWIFT_ACTIVE_COMPILATION_CONDITIONS = DEBUG;
				SWIFT_OPTIMIZATION_LEVEL = "-Onone";
			};
			name = Debug;
		};
		DF5B0F982020C0CA006A1287 /* Release */ = {
			isa = XCBuildConfiguration;
			buildSettings = {
				ALWAYS_SEARCH_USER_PATHS = NO;
				CLANG_ANALYZER_NONNULL = YES;
				CLANG_ANALYZER_NUMBER_OBJECT_CONVERSION = YES_AGGRESSIVE;
				CLANG_CXX_LANGUAGE_STANDARD = "gnu++14";
				CLANG_CXX_LIBRARY = "libc++";
				CLANG_ENABLE_MODULES = YES;
				CLANG_ENABLE_OBJC_ARC = YES;
				CLANG_WARN_BLOCK_CAPTURE_AUTORELEASING = YES;
				CLANG_WARN_BOOL_CONVERSION = YES;
				CLANG_WARN_COMMA = YES;
				CLANG_WARN_CONSTANT_CONVERSION = YES;
				CLANG_WARN_DIRECT_OBJC_ISA_USAGE = YES_ERROR;
				CLANG_WARN_DOCUMENTATION_COMMENTS = YES;
				CLANG_WARN_EMPTY_BODY = YES;
				CLANG_WARN_ENUM_CONVERSION = YES;
				CLANG_WARN_INFINITE_RECURSION = YES;
				CLANG_WARN_INT_CONVERSION = YES;
				CLANG_WARN_NON_LITERAL_NULL_CONVERSION = YES;
				CLANG_WARN_OBJC_LITERAL_CONVERSION = YES;
				CLANG_WARN_OBJC_ROOT_CLASS = YES_ERROR;
				CLANG_WARN_RANGE_LOOP_ANALYSIS = YES;
				CLANG_WARN_STRICT_PROTOTYPES = YES;
				CLANG_WARN_SUSPICIOUS_MOVE = YES;
				CLANG_WARN_UNGUARDED_AVAILABILITY = YES_AGGRESSIVE;
				CLANG_WARN_UNREACHABLE_CODE = YES;
				CLANG_WARN__DUPLICATE_METHOD_MATCH = YES;
				CODE_SIGN_IDENTITY = "iPhone Developer";
				COPY_PHASE_STRIP = NO;
				DEBUG_INFORMATION_FORMAT = "dwarf-with-dsym";
				ENABLE_NS_ASSERTIONS = NO;
				ENABLE_STRICT_OBJC_MSGSEND = YES;
				GCC_C_LANGUAGE_STANDARD = gnu11;
				GCC_NO_COMMON_BLOCKS = YES;
				GCC_WARN_64_TO_32_BIT_CONVERSION = YES;
				GCC_WARN_ABOUT_RETURN_TYPE = YES_ERROR;
				GCC_WARN_UNDECLARED_SELECTOR = YES;
				GCC_WARN_UNINITIALIZED_AUTOS = YES_AGGRESSIVE;
				GCC_WARN_UNUSED_FUNCTION = YES;
				GCC_WARN_UNUSED_VARIABLE = YES;
				IPHONEOS_DEPLOYMENT_TARGET = 11.1;
				MTL_ENABLE_DEBUG_INFO = NO;
				SDKROOT = iphoneos;
				SWIFT_OPTIMIZATION_LEVEL = "-Owholemodule";
				VALIDATE_PRODUCT = YES;
			};
			name = Release;
		};
		DF5B0F9A2020C0CA006A1287 /* Debug */ = {
			isa = XCBuildConfiguration;
			buildSettings = {
				ASSETCATALOG_COMPILER_APPICON_NAME = AppIcon;
				CODE_SIGN_STYLE = Automatic;
				DEVELOPMENT_TEAM = Z9ATB58M69;
				INFOPLIST_FILE = Project_Thesaurus/Info.plist;
				LD_RUNPATH_SEARCH_PATHS = "$(inherited) @executable_path/Frameworks";
				PRODUCT_BUNDLE_IDENTIFIER = "com.vonander.Project-Thesaurus";
				PRODUCT_NAME = "$(TARGET_NAME)";
				SWIFT_VERSION = 4.0;
				TARGETED_DEVICE_FAMILY = "1,2";
			};
			name = Debug;
		};
		DF5B0F9B2020C0CA006A1287 /* Release */ = {
			isa = XCBuildConfiguration;
			buildSettings = {
				ASSETCATALOG_COMPILER_APPICON_NAME = AppIcon;
				CODE_SIGN_STYLE = Automatic;
				DEVELOPMENT_TEAM = Z9ATB58M69;
				INFOPLIST_FILE = Project_Thesaurus/Info.plist;
				LD_RUNPATH_SEARCH_PATHS = "$(inherited) @executable_path/Frameworks";
				PRODUCT_BUNDLE_IDENTIFIER = "com.vonander.Project-Thesaurus";
				PRODUCT_NAME = "$(TARGET_NAME)";
				SWIFT_VERSION = 4.0;
				TARGETED_DEVICE_FAMILY = "1,2";
			};
			name = Release;
		};
/* End XCBuildConfiguration section */

/* Begin XCConfigurationList section */
		DF5B0F822020C0CA006A1287 /* Build configuration list for PBXProject "Project_Thesaurus" */ = {
			isa = XCConfigurationList;
			buildConfigurations = (
				DF5B0F972020C0CA006A1287 /* Debug */,
				DF5B0F982020C0CA006A1287 /* Release */,
			);
			defaultConfigurationIsVisible = 0;
			defaultConfigurationName = Release;
		};
		DF5B0F992020C0CA006A1287 /* Build configuration list for PBXNativeTarget "Project_Thesaurus" */ = {
			isa = XCConfigurationList;
			buildConfigurations = (
				DF5B0F9A2020C0CA006A1287 /* Debug */,
				DF5B0F9B2020C0CA006A1287 /* Release */,
			);
			defaultConfigurationIsVisible = 0;
			defaultConfigurationName = Release;
		};
/* End XCConfigurationList section */
	};
	rootObject = DF5B0F7F2020C0CA006A1287 /* Project object */;
}
